uuid: 2c6c72bb-1af1-4c22-9e50-c24fb7770750
langcode: en
status: true
dependencies:
  module:
    - opigno_learning_path
    - system
  theme:
    - platon
_core:
  default_config_hash: n31zdUpkP_RLOaVyoNpw12m6lzEEREkl6B57F2_lY0k
id: lp_steps_block
theme: platon
region: sidebar_first
weight: 0
provider: null
plugin: lp_steps_block
settings:
  id: lp_steps_block
  label: 'LP Steps'
  provider: opigno_learning_path
  label_display: '0'
visibility:
  request_path:
    id: request_path
    pages: '/module/*'
    negate: false
    context_mapping: {  }
